
Microsoft Visual Studio Solution File, Format Version 12.00
# Visual Studio Version 17
VisualStudioVersion = 17.3.32929.385
MinimumVisualStudioVersion = 10.0.40219.1
Project("{FAE04EC0-301F-11D3-BF4B-00C04F79EFBC}") = "LibraryAPI", "LibraryAPI\LibraryAPI.csproj", "{E7196982-D8A2-47EC-B801-86E4D5623FB2}"
EndProject
Global
	GlobalSection(SolutionConfigurationPlatforms) = preSolution
		Debug|Any CPU = Debug|Any CPU
		Release|Any CPU = Release|Any CPU
	EndGlobalSection
	GlobalSection(ProjectConfigurationPlatforms) = postSolution
		{E7196982-D8A2-47EC-B801-86E4D5623FB2}.Debug|Any CPU.ActiveCfg = Debug|Any CPU
		{E7196982-D8A2-47EC-B801-86E4D5623FB2}.Debug|Any CPU.Build.0 = Debug|Any CPU
		{E7196982-D8A2-47EC-B801-86E4D5623FB2}.Release|Any CPU.ActiveCfg = Release|Any CPU
		{E7196982-D8A2-47EC-B801-86E4D5623FB2}.Release|Any CPU.Build.0 = Release|Any CPU
	EndGlobalSection
	GlobalSection(SolutionProperties) = preSolution
		HideSolutionNode = FALSE
	EndGlobalSection
	GlobalSection(ExtensibilityGlobals) = postSolution
		SolutionGuid = {5D98E0CA-0FA2-4408-8DA4-BB7F67AB7F38}
	EndGlobalSection
EndGlobal
